
Microsoft Visual Studio Solution File, Format Version 12.00
# Visual Studio Version 17
VisualStudioVersion = 17.2.32602.215
MinimumVisualStudioVersion = 10.0.40219.1
Project("{FAE04EC0-301F-11D3-BF4B-00C04F79EFBC}") = "FirstRazorLabriry", "FirstRazorLabriry\FirstRazorLabriry.csproj", "{89BF0E94-0AB5-4521-B854-64A99E4FE178}"
EndProject
Global
	GlobalSection(SolutionConfigurationPlatforms) = preSolution
		Debug|Any CPU = Debug|Any CPU
		Release|Any CPU = Release|Any CPU
	EndGlobalSection
	GlobalSection(ProjectConfigurationPlatforms) = postSolution
		{89BF0E94-0AB5-4521-B854-64A99E4FE178}.Debug|Any CPU.ActiveCfg = Debug|Any CPU
		{89BF0E94-0AB5-4521-B854-64A99E4FE178}.Debug|Any CPU.Build.0 = Debug|Any CPU
		{89BF0E94-0AB5-4521-B854-64A99E4FE178}.Release|Any CPU.ActiveCfg = Release|Any CPU
		{89BF0E94-0AB5-4521-B854-64A99E4FE178}.Release|Any CPU.Build.0 = Release|Any CPU
	EndGlobalSection
	GlobalSection(SolutionProperties) = preSolution
		HideSolutionNode = FALSE
	EndGlobalSection
	GlobalSection(ExtensibilityGlobals) = postSolution
		SolutionGuid = {A246F5BE-594C-4CF6-8241-5EC4898DF9B1}
	EndGlobalSection
EndGlobal
